
Microsoft Visual Studio Solution File, Format Version 12.00
# Visual Studio Version 17
VisualStudioVersion = 17.0.31903.59
MinimumVisualStudioVersion = 10.0.40219.1
Project("{9A19103F-16F7-4668-BE54-9A1E7A4F7556}") = "ProjectWeather.Infrastructure", "src\ProjectWeather.Infrastructure\ProjectWeather.Infrastructure.csproj", "{BC6565F8-99AA-436F-BC7B-C0ADFE3E2221}"
EndProject
Project("{9A19103F-16F7-4668-BE54-9A1E7A4F7556}") = "ProjectWeather.Domain", "src\ProjectWeather.Domain\ProjectWeather.Domain.csproj", "{5B354E21-DFC3-4975-8B31-14649C603CAA}"
EndProject
Project("{9A19103F-16F7-4668-BE54-9A1E7A4F7556}") = "ProjectWeather.Application", "src\ProjectWeather.Application\ProjectWeather.Application.csproj", "{597B420E-EF7E-45BB-970A-0F321ADAB189}"
EndProject
Project("{FAE04EC0-301F-11D3-BF4B-00C04F79EFBC}") = "ProjectWeather.API", "src\ProjectWeather.API\ProjectWeather.API.csproj", "{30A66F20-0905-481A-B70A-37B3597C19CE}"
EndProject
Global
	GlobalSection(SolutionConfigurationPlatforms) = preSolution
		Debug|Any CPU = Debug|Any CPU
		Release|Any CPU = Release|Any CPU
	EndGlobalSection
	GlobalSection(ProjectConfigurationPlatforms) = postSolution
		{BC6565F8-99AA-436F-BC7B-C0ADFE3E2221}.Debug|Any CPU.ActiveCfg = Debug|Any CPU
		{BC6565F8-99AA-436F-BC7B-C0ADFE3E2221}.Debug|Any CPU.Build.0 = Debug|Any CPU
		{BC6565F8-99AA-436F-BC7B-C0ADFE3E2221}.Release|Any CPU.ActiveCfg = Release|Any CPU
		{BC6565F8-99AA-436F-BC7B-C0ADFE3E2221}.Release|Any CPU.Build.0 = Release|Any CPU
		{5B354E21-DFC3-4975-8B31-14649C603CAA}.Debug|Any CPU.ActiveCfg = Debug|Any CPU
		{5B354E21-DFC3-4975-8B31-14649C603CAA}.Debug|Any CPU.Build.0 = Debug|Any CPU
		{5B354E21-DFC3-4975-8B31-14649C603CAA}.Release|Any CPU.ActiveCfg = Release|Any CPU
		{5B354E21-DFC3-4975-8B31-14649C603CAA}.Release|Any CPU.Build.0 = Release|Any CPU
		{597B420E-EF7E-45BB-970A-0F321ADAB189}.Debug|Any CPU.ActiveCfg = Debug|Any CPU
		{597B420E-EF7E-45BB-970A-0F321ADAB189}.Debug|Any CPU.Build.0 = Debug|Any CPU
		{597B420E-EF7E-45BB-970A-0F321ADAB189}.Release|Any CPU.ActiveCfg = Release|Any CPU
		{597B420E-EF7E-45BB-970A-0F321ADAB189}.Release|Any CPU.Build.0 = Release|Any CPU
		{30A66F20-0905-481A-B70A-37B3597C19CE}.Debug|Any CPU.ActiveCfg = Debug|Any CPU
		{30A66F20-0905-481A-B70A-37B3597C19CE}.Debug|Any CPU.Build.0 = Debug|Any CPU
		{30A66F20-0905-481A-B70A-37B3597C19CE}.Release|Any CPU.ActiveCfg = Release|Any CPU
		{30A66F20-0905-481A-B70A-37B3597C19CE}.Release|Any CPU.Build.0 = Release|Any CPU
	EndGlobalSection
	GlobalSection(SolutionProperties) = preSolution
		HideSolutionNode = FALSE
	EndGlobalSection
	GlobalSection(ExtensibilityGlobals) = postSolution
		SolutionGuid = {CA86BA69-6AAA-47F7-977D-CA271E6CAFBD}
	EndGlobalSection
EndGlobal
